// !$*UTF8*$!
{
	archiveVersion = 1;
	classes = {
	};
	objectVersion = 55;
	objects = {

/* Begin PBXBuildFile section */
		C5995A4B27CEA0EB00AE9F6D /* ChatAppApp.swift in Sources */ = {isa = PBXBuildFile; fileRef = C5995A4A27CEA0EB00AE9F6D /* ChatAppApp.swift */; };
		C5995A4D27CEA0EB00AE9F6D /* ContentView.swift in Sources */ = {isa = PBXBuildFile; fileRef = C5995A4C27CEA0EB00AE9F6D /* ContentView.swift */; };
		C5995A4F27CEA0EE00AE9F6D /* Assets.xcassets in Resources */ = {isa = PBXBuildFile; fileRef = C5995A4E27CEA0EE00AE9F6D /* Assets.xcassets */; };
		C5995A5227CEA0EE00AE9F6D /* Preview Assets.xcassets in Resources */ = {isa = PBXBuildFile; fileRef = C5995A5127CEA0EE00AE9F6D /* Preview Assets.xcassets */; };
		C5995A5D27CEA0EE00AE9F6D /* ChatAppTests.swift in Sources */ = {isa = PBXBuildFile; fileRef = C5995A5C27CEA0EE00AE9F6D /* ChatAppTests.swift */; };
		C5995A6727CEA0EE00AE9F6D /* ChatAppUITests.swift in Sources */ = {isa = PBXBuildFile; fileRef = C5995A6627CEA0EE00AE9F6D /* ChatAppUITests.swift */; };
		C5995A6927CEA0EE00AE9F6D /* ChatAppUITestsLaunchTests.swift in Sources */ = {isa = PBXBuildFile; fileRef = C5995A6827CEA0EE00AE9F6D /* ChatAppUITestsLaunchTests.swift */; };
		C59B4EC827D07629001C15AD /* AuthenticationServices.framework in Frameworks */ = {isa = PBXBuildFile; fileRef = C59B4EC727D07629001C15AD /* AuthenticationServices.framework */; platformFilter = maccatalyst; };
		C59B4ECB27D07629001C15AD /* AuthenticationViewController.swift in Sources */ = {isa = PBXBuildFile; fileRef = C59B4ECA27D07629001C15AD /* AuthenticationViewController.swift */; };
		C59B4ECE27D07629001C15AD /* AuthenticationViewController.xib in Resources */ = {isa = PBXBuildFile; fileRef = C59B4ECC27D07629001C15AD /* AuthenticationViewController.xib */; };
		C59B4ED327D07629001C15AD /* UserLogin.appex in Embed App Extensions */ = {isa = PBXBuildFile; fileRef = C59B4EC527D07629001C15AD /* UserLogin.appex */; settings = {ATTRIBUTES = (RemoveHeadersOnCopy, ); }; };
/* End PBXBuildFile section */

/* Begin PBXContainerItemProxy section */
		C5995A5927CEA0EE00AE9F6D /* PBXContainerItemProxy */ = {
			isa = PBXContainerItemProxy;
			containerPortal = C5995A3F27CEA0EB00AE9F6D /* Project object */;
			proxyType = 1;
			remoteGlobalIDString = C5995A4627CEA0EB00AE9F6D;
			remoteInfo = ChatApp;
		};
		C5995A6327CEA0EE00AE9F6D /* PBXContainerItemProxy */ = {
			isa = PBXContainerItemProxy;
			containerPortal = C5995A3F27CEA0EB00AE9F6D /* Project object */;
			proxyType = 1;
			remoteGlobalIDString = C5995A4627CEA0EB00AE9F6D;
			remoteInfo = ChatApp;
		};
		C59B4ED127D07629001C15AD /* PBXContainerItemProxy */ = {
			isa = PBXContainerItemProxy;
			containerPortal = C5995A3F27CEA0EB00AE9F6D /* Project object */;
			proxyType = 1;
			remoteGlobalIDString = C59B4EC427D07629001C15AD;
			remoteInfo = UserLogin;
		};
/* End PBXContainerItemProxy section */

/* Begin PBXCopyFilesBuildPhase section */
		C59B4ED727D07629001C15AD /* Embed App Extensions */ = {
			isa = PBXCopyFilesBuildPhase;
			buildActionMask = 2147483647;
			dstPath = "";
			dstSubfolderSpec = 13;
			files = (
				C59B4ED327D07629001C15AD /* UserLogin.appex in Embed App Extensions */,
			);
			name = "Embed App Extensions";
			runOnlyForDeploymentPostprocessing = 0;
		};
/* End PBXCopyFilesBuildPhase section */

/* Begin PBXFileReference section */
		C5995A4727CEA0EB00AE9F6D /* ChatApp.app */ = {isa = PBXFileReference; explicitFileType = wrapper.application; includeInIndex = 0; path = ChatApp.app; sourceTree = BUILT_PRODUCTS_DIR; };
		C5995A4A27CEA0EB00AE9F6D /* ChatAppApp.swift */ = {isa = PBXFileReference; lastKnownFileType = sourcecode.swift; path = ChatAppApp.swift; sourceTree = "<group>"; };
		C5995A4C27CEA0EB00AE9F6D /* ContentView.swift */ = {isa = PBXFileReference; lastKnownFileType = sourcecode.swift; path = ContentView.swift; sourceTree = "<group>"; };
		C5995A4E27CEA0EE00AE9F6D /* Assets.xcassets */ = {isa = PBXFileReference; lastKnownFileType = folder.assetcatalog; path = Assets.xcassets; sourceTree = "<group>"; };
		C5995A5127CEA0EE00AE9F6D /* Preview Assets.xcassets */ = {isa = PBXFileReference; lastKnownFileType = folder.assetcatalog; path = "Preview Assets.xcassets"; sourceTree = "<group>"; };
		C5995A5327CEA0EE00AE9F6D /* ChatApp.entitlements */ = {isa = PBXFileReference; lastKnownFileType = text.plist.entitlements; path = ChatApp.entitlements; sourceTree = "<group>"; };
		C5995A5827CEA0EE00AE9F6D /* ChatAppTests.xctest */ = {isa = PBXFileReference; explicitFileType = wrapper.cfbundle; includeInIndex = 0; path = ChatAppTests.xctest; sourceTree = BUILT_PRODUCTS_DIR; };
		C5995A5C27CEA0EE00AE9F6D /* ChatAppTests.swift */ = {isa = PBXFileReference; lastKnownFileType = sourcecode.swift; path = ChatAppTests.swift; sourceTree = "<group>"; };
		C5995A6227CEA0EE00AE9F6D /* ChatAppUITests.xctest */ = {isa = PBXFileReference; explicitFileType = wrapper.cfbundle; includeInIndex = 0; path = ChatAppUITests.xctest; sourceTree = BUILT_PRODUCTS_DIR; };
		C5995A6627CEA0EE00AE9F6D /* ChatAppUITests.swift */ = {isa = PBXFileReference; lastKnownFileType = sourcecode.swift; path = ChatAppUITests.swift; sourceTree = "<group>"; };
		C5995A6827CEA0EE00AE9F6D /* ChatAppUITestsLaunchTests.swift */ = {isa = PBXFileReference; lastKnownFileType = sourcecode.swift; path = ChatAppUITestsLaunchTests.swift; sourceTree = "<group>"; };
		C59B4EC527D07629001C15AD /* UserLogin.appex */ = {isa = PBXFileReference; explicitFileType = "wrapper.app-extension"; includeInIndex = 0; path = UserLogin.appex; sourceTree = BUILT_PRODUCTS_DIR; };
		C59B4EC727D07629001C15AD /* AuthenticationServices.framework */ = {isa = PBXFileReference; lastKnownFileType = wrapper.framework; name = AuthenticationServices.framework; path = System/Library/Frameworks/AuthenticationServices.framework; sourceTree = SDKROOT; };
		C59B4ECA27D07629001C15AD /* AuthenticationViewController.swift */ = {isa = PBXFileReference; lastKnownFileType = sourcecode.swift; path = AuthenticationViewController.swift; sourceTree = "<group>"; };
		C59B4ECD27D07629001C15AD /* Base */ = {isa = PBXFileReference; lastKnownFileType = file.xib; name = Base; path = Base.lproj/AuthenticationViewController.xib; sourceTree = "<group>"; };
		C59B4ECF27D07629001C15AD /* Info.plist */ = {isa = PBXFileReference; lastKnownFileType = text.plist.xml; path = Info.plist; sourceTree = "<group>"; };
		C59B4ED027D07629001C15AD /* UserLogin.entitlements */ = {isa = PBXFileReference; lastKnownFileType = text.plist.entitlements; path = UserLogin.entitlements; sourceTree = "<group>"; };
		C59B4F3027D15AC5001C15AD /* NetworkExtension.framework */ = {isa = PBXFileReference; lastKnownFileType = wrapper.framework; name = NetworkExtension.framework; path = System/Library/Frameworks/NetworkExtension.framework; sourceTree = SDKROOT; };
/* End PBXFileReference section */

/* Begin PBXFrameworksBuildPhase section */
		C5995A4427CEA0EB00AE9F6D /* Frameworks */ = {
			isa = PBXFrameworksBuildPhase;
			buildActionMask = 2147483647;
			files = (
			);
			runOnlyForDeploymentPostprocessing = 0;
		};
		C5995A5527CEA0EE00AE9F6D /* Frameworks */ = {
			isa = PBXFrameworksBuildPhase;
			buildActionMask = 2147483647;
			files = (
			);
			runOnlyForDeploymentPostprocessing = 0;
		};
		C5995A5F27CEA0EE00AE9F6D /* Frameworks */ = {
			isa = PBXFrameworksBuildPhase;
			buildActionMask = 2147483647;
			files = (
			);
			runOnlyForDeploymentPostprocessing = 0;
		};
		C59B4EC227D07629001C15AD /* Frameworks */ = {
			isa = PBXFrameworksBuildPhase;
			buildActionMask = 2147483647;
			files = (
				C59B4EC827D07629001C15AD /* AuthenticationServices.framework in Frameworks */,
			);
			runOnlyForDeploymentPostprocessing = 0;
		};
/* End PBXFrameworksBuildPhase section */

/* Begin PBXGroup section */
		C5995A3E27CEA0EB00AE9F6D = {
			isa = PBXGroup;
			children = (
				C5995A4927CEA0EB00AE9F6D /* ChatApp */,
				C5995A5B27CEA0EE00AE9F6D /* ChatAppTests */,
				C5995A6527CEA0EE00AE9F6D /* ChatAppUITests */,
				C59B4EC927D07629001C15AD /* UserLogin */,
				C59B4F3227D15AC5001C15AD /* Network */,
				C59B4EC627D07629001C15AD /* Frameworks */,
				C5995A4827CEA0EB00AE9F6D /* Products */,
			);
			sourceTree = "<group>";
		};
		C5995A4827CEA0EB00AE9F6D /* Products */ = {
			isa = PBXGroup;
			children = (
				C5995A4727CEA0EB00AE9F6D /* ChatApp.app */,
				C5995A5827CEA0EE00AE9F6D /* ChatAppTests.xctest */,
				C5995A6227CEA0EE00AE9F6D /* ChatAppUITests.xctest */,
				C59B4EC527D07629001C15AD /* UserLogin.appex */,
			);
			name = Products;
			sourceTree = "<group>";
		};
		C5995A4927CEA0EB00AE9F6D /* ChatApp */ = {
			isa = PBXGroup;
			children = (
				C5995A4A27CEA0EB00AE9F6D /* ChatAppApp.swift */,
				C5995A4C27CEA0EB00AE9F6D /* ContentView.swift */,
				C5995A4E27CEA0EE00AE9F6D /* Assets.xcassets */,
				C5995A5327CEA0EE00AE9F6D /* ChatApp.entitlements */,
				C5995A5027CEA0EE00AE9F6D /* Preview Content */,
			);
			path = ChatApp;
			sourceTree = "<group>";
		};
		C5995A5027CEA0EE00AE9F6D /* Preview Content */ = {
			isa = PBXGroup;
			children = (
				C5995A5127CEA0EE00AE9F6D /* Preview Assets.xcassets */,
			);
			path = "Preview Content";
			sourceTree = "<group>";
		};
		C5995A5B27CEA0EE00AE9F6D /* ChatAppTests */ = {
			isa = PBXGroup;
			children = (
				C5995A5C27CEA0EE00AE9F6D /* ChatAppTests.swift */,
			);
			path = ChatAppTests;
			sourceTree = "<group>";
		};
		C5995A6527CEA0EE00AE9F6D /* ChatAppUITests */ = {
			isa = PBXGroup;
			children = (
				C5995A6627CEA0EE00AE9F6D /* ChatAppUITests.swift */,
				C5995A6827CEA0EE00AE9F6D /* ChatAppUITestsLaunchTests.swift */,
			);
			path = ChatAppUITests;
			sourceTree = "<group>";
		};
		C59B4EC627D07629001C15AD /* Frameworks */ = {
			isa = PBXGroup;
			children = (
				C59B4EC727D07629001C15AD /* AuthenticationServices.framework */,
				C59B4F3027D15AC5001C15AD /* NetworkExtension.framework */,
			);
			name = Frameworks;
			sourceTree = "<group>";
		};
		C59B4EC927D07629001C15AD /* UserLogin */ = {
			isa = PBXGroup;
			children = (
				C59B4ECA27D07629001C15AD /* AuthenticationViewController.swift */,
				C59B4ECC27D07629001C15AD /* AuthenticationViewController.xib */,
				C59B4ECF27D07629001C15AD /* Info.plist */,
				C59B4ED027D07629001C15AD /* UserLogin.entitlements */,
			);
			path = UserLogin;
			sourceTree = "<group>";
		};
		C59B4F3227D15AC5001C15AD /* Network */ = {
			isa = PBXGroup;
			children = (
			);
			path = Network;
			sourceTree = "<group>";
		};
/* End PBXGroup section */

/* Begin PBXNativeTarget section */
		C5995A4627CEA0EB00AE9F6D /* ChatApp */ = {
			isa = PBXNativeTarget;
			buildConfigurationList = C5995A6C27CEA0EE00AE9F6D /* Build configuration list for PBXNativeTarget "ChatApp" */;
			buildPhases = (
				C5995A4327CEA0EB00AE9F6D /* Sources */,
				C5995A4427CEA0EB00AE9F6D /* Frameworks */,
				C5995A4527CEA0EB00AE9F6D /* Resources */,
				C59B4ED727D07629001C15AD /* Embed App Extensions */,
			);
			buildRules = (
			);
			dependencies = (
				C59B4ED227D07629001C15AD /* PBXTargetDependency */,
			);
			name = ChatApp;
			productName = ChatApp;
			productReference = C5995A4727CEA0EB00AE9F6D /* ChatApp.app */;
			productType = "com.apple.product-type.application";
		};
		C5995A5727CEA0EE00AE9F6D /* ChatAppTests */ = {
			isa = PBXNativeTarget;
			buildConfigurationList = C5995A6F27CEA0EE00AE9F6D /* Build configuration list for PBXNativeTarget "ChatAppTests" */;
			buildPhases = (
				C5995A5427CEA0EE00AE9F6D /* Sources */,
				C5995A5527CEA0EE00AE9F6D /* Frameworks */,
				C5995A5627CEA0EE00AE9F6D /* Resources */,
			);
			buildRules = (
			);
			dependencies = (
				C5995A5A27CEA0EE00AE9F6D /* PBXTargetDependency */,
			);
			name = ChatAppTests;
			productName = ChatAppTests;
			productReference = C5995A5827CEA0EE00AE9F6D /* ChatAppTests.xctest */;
			productType = "com.apple.product-type.bundle.unit-test";
		};
		C5995A6127CEA0EE00AE9F6D /* ChatAppUITests */ = {
			isa = PBXNativeTarget;
			buildConfigurationList = C5995A7227CEA0EE00AE9F6D /* Build configuration list for PBXNativeTarget "ChatAppUITests" */;
			buildPhases = (
				C5995A5E27CEA0EE00AE9F6D /* Sources */,
				C5995A5F27CEA0EE00AE9F6D /* Frameworks */,
				C5995A6027CEA0EE00AE9F6D /* Resources */,
			);
			buildRules = (
			);
			dependencies = (
				C5995A6427CEA0EE00AE9F6D /* PBXTargetDependency */,
			);
			name = ChatAppUITests;
			productName = ChatAppUITests;
			productReference = C5995A6227CEA0EE00AE9F6D /* ChatAppUITests.xctest */;
			productType = "com.apple.product-type.bundle.ui-testing";
		};
		C59B4EC427D07629001C15AD /* UserLogin */ = {
			isa = PBXNativeTarget;
			buildConfigurationList = C59B4ED427D07629001C15AD /* Build configuration list for PBXNativeTarget "UserLogin" */;
			buildPhases = (
				C59B4EC127D07629001C15AD /* Sources */,
				C59B4EC227D07629001C15AD /* Frameworks */,
				C59B4EC327D07629001C15AD /* Resources */,
			);
			buildRules = (
			);
			dependencies = (
			);
			name = UserLogin;
			productName = UserLogin;
			productReference = C59B4EC527D07629001C15AD /* UserLogin.appex */;
			productType = "com.apple.product-type.app-extension";
		};
/* End PBXNativeTarget section */

/* Begin PBXProject section */
		C5995A3F27CEA0EB00AE9F6D /* Project object */ = {
			isa = PBXProject;
			attributes = {
				BuildIndependentTargetsInParallel = 1;
				LastSwiftUpdateCheck = 1320;
				LastUpgradeCheck = 1320;
				TargetAttributes = {
					C5995A4627CEA0EB00AE9F6D = {
						CreatedOnToolsVersion = 13.2.1;
					};
					C5995A5727CEA0EE00AE9F6D = {
						CreatedOnToolsVersion = 13.2.1;
						TestTargetID = C5995A4627CEA0EB00AE9F6D;
					};
					C5995A6127CEA0EE00AE9F6D = {
						CreatedOnToolsVersion = 13.2.1;
						TestTargetID = C5995A4627CEA0EB00AE9F6D;
					};
					C59B4EC427D07629001C15AD = {
						CreatedOnToolsVersion = 13.2.1;
					};
				};
			};
			buildConfigurationList = C5995A4227CEA0EB00AE9F6D /* Build configuration list for PBXProject "ChatApp" */;
			compatibilityVersion = "Xcode 13.0";
			developmentRegion = en;
			hasScannedForEncodings = 0;
			knownRegions = (
				en,
				Base,
			);
			mainGroup = C5995A3E27CEA0EB00AE9F6D;
			productRefGroup = C5995A4827CEA0EB00AE9F6D /* Products */;
			projectDirPath = "";
			projectRoot = "";
			targets = (
				C5995A4627CEA0EB00AE9F6D /* ChatApp */,
				C5995A5727CEA0EE00AE9F6D /* ChatAppTests */,
				C5995A6127CEA0EE00AE9F6D /* ChatAppUITests */,
				C59B4EC427D07629001C15AD /* UserLogin */,
			);
		};
/* End PBXProject section */

/* Begin PBXResourcesBuildPhase section */
		C5995A4527CEA0EB00AE9F6D /* Resources */ = {
			isa = PBXResourcesBuildPhase;
			buildActionMask = 2147483647;
			files = (
				C5995A5227CEA0EE00AE9F6D /* Preview Assets.xcassets in Resources */,
				C5995A4F27CEA0EE00AE9F6D /* Assets.xcassets in Resources */,
			);
			runOnlyForDeploymentPostprocessing = 0;
		};
		C5995A5627CEA0EE00AE9F6D /* Resources */ = {
			isa = PBXResourcesBuildPhase;
			buildActionMask = 2147483647;
			files = (
			);
			runOnlyForDeploymentPostprocessing = 0;
		};
		C5995A6027CEA0EE00AE9F6D /* Resources */ = {
			isa = PBXResourcesBuildPhase;
			buildActionMask = 2147483647;
			files = (
			);
			runOnlyForDeploymentPostprocessing = 0;
		};
		C59B4EC327D07629001C15AD /* Resources */ = {
			isa = PBXResourcesBuildPhase;
			buildActionMask = 2147483647;
			files = (
				C59B4ECE27D07629001C15AD /* AuthenticationViewController.xib in Resources */,
			);
			runOnlyForDeploymentPostprocessing = 0;
		};
/* End PBXResourcesBuildPhase section */

/* Begin PBXSourcesBuildPhase section */
		C5995A4327CEA0EB00AE9F6D /* Sources */ = {
			isa = PBXSourcesBuildPhase;
			buildActionMask = 2147483647;
			files = (
				C5995A4D27CEA0EB00AE9F6D /* ContentView.swift in Sources */,
				C5995A4B27CEA0EB00AE9F6D /* ChatAppApp.swift in Sources */,
			);
			runOnlyForDeploymentPostprocessing = 0;
		};
		C5995A5427CEA0EE00AE9F6D /* Sources */ = {
			isa = PBXSourcesBuildPhase;
			buildActionMask = 2147483647;
			files = (
				C5995A5D27CEA0EE00AE9F6D /* ChatAppTests.swift in Sources */,
			);
			runOnlyForDeploymentPostprocessing = 0;
		};
		C5995A5E27CEA0EE00AE9F6D /* Sources */ = {
			isa = PBXSourcesBuildPhase;
			buildActionMask = 2147483647;
			files = (
				C5995A6927CEA0EE00AE9F6D /* ChatAppUITestsLaunchTests.swift in Sources */,
				C5995A6727CEA0EE00AE9F6D /* ChatAppUITests.swift in Sources */,
			);
			runOnlyForDeploymentPostprocessing = 0;
		};
		C59B4EC127D07629001C15AD /* Sources */ = {
			isa = PBXSourcesBuildPhase;
			buildActionMask = 2147483647;
			files = (
				C59B4ECB27D07629001C15AD /* AuthenticationViewController.swift in Sources */,
			);
			runOnlyForDeploymentPostprocessing = 0;
		};
/* End PBXSourcesBuildPhase section */

/* Begin PBXTargetDependency section */
		C5995A5A27CEA0EE00AE9F6D /* PBXTargetDependency */ = {
			isa = PBXTargetDependency;
			target = C5995A4627CEA0EB00AE9F6D /* ChatApp */;
			targetProxy = C5995A5927CEA0EE00AE9F6D /* PBXContainerItemProxy */;
		};
		C5995A6427CEA0EE00AE9F6D /* PBXTargetDependency */ = {
			isa = PBXTargetDependency;
			target = C5995A4627CEA0EB00AE9F6D /* ChatApp */;
			targetProxy = C5995A6327CEA0EE00AE9F6D /* PBXContainerItemProxy */;
		};
		C59B4ED227D07629001C15AD /* PBXTargetDependency */ = {
			isa = PBXTargetDependency;
			target = C59B4EC427D07629001C15AD /* UserLogin */;
			targetProxy = C59B4ED127D07629001C15AD /* PBXContainerItemProxy */;
		};
/* End PBXTargetDependency section */

/* Begin PBXVariantGroup section */
		C59B4ECC27D07629001C15AD /* AuthenticationViewController.xib */ = {
			isa = PBXVariantGroup;
			children = (
				C59B4ECD27D07629001C15AD /* Base */,
			);
			name = AuthenticationViewController.xib;
			sourceTree = "<group>";
		};
/* End PBXVariantGroup section */

/* Begin XCBuildConfiguration section */
		C5995A6A27CEA0EE00AE9F6D /* Debug */ = {
			isa = XCBuildConfiguration;
			buildSettings = {
				ALWAYS_SEARCH_USER_PATHS = NO;
				CLANG_ANALYZER_NONNULL = YES;
				CLANG_ANALYZER_NUMBER_OBJECT_CONVERSION = YES_AGGRESSIVE;
				CLANG_CXX_LANGUAGE_STANDARD = "gnu++17";
				CLANG_CXX_LIBRARY = "libc++";
				CLANG_ENABLE_MODULES = YES;
				CLANG_ENABLE_OBJC_ARC = YES;
				CLANG_ENABLE_OBJC_WEAK = YES;
				CLANG_WARN_BLOCK_CAPTURE_AUTORELEASING = YES;
				CLANG_WARN_BOOL_CONVERSION = YES;
				CLANG_WARN_COMMA = YES;
				CLANG_WARN_CONSTANT_CONVERSION = YES;
				CLANG_WARN_DEPRECATED_OBJC_IMPLEMENTATIONS = YES;
				CLANG_WARN_DIRECT_OBJC_ISA_USAGE = YES_ERROR;
				CLANG_WARN_DOCUMENTATION_COMMENTS = YES;
				CLANG_WARN_EMPTY_BODY = YES;
				CLANG_WARN_ENUM_CONVERSION = YES;
				CLANG_WARN_INFINITE_RECURSION = YES;
				CLANG_WARN_INT_CONVERSION = YES;
				CLANG_WARN_NON_LITERAL_NULL_CONVERSION = YES;
				CLANG_WARN_OBJC_IMPLICIT_RETAIN_SELF = YES;
				CLANG_WARN_OBJC_LITERAL_CONVERSION = YES;
				CLANG_WARN_OBJC_ROOT_CLASS = YES_ERROR;
				CLANG_WARN_QUOTED_INCLUDE_IN_FRAMEWORK_HEADER = YES;
				CLANG_WARN_RANGE_LOOP_ANALYSIS = YES;
				CLANG_WARN_STRICT_PROTOTYPES = YES;
				CLANG_WARN_SUSPICIOUS_MOVE = YES;
				CLANG_WARN_UNGUARDED_AVAILABILITY = YES_AGGRESSIVE;
				CLANG_WARN_UNREACHABLE_CODE = YES;
				CLANG_WARN__DUPLICATE_METHOD_MATCH = YES;
				COPY_PHASE_STRIP = NO;
				DEBUG_INFORMATION_FORMAT = dwarf;
				ENABLE_STRICT_OBJC_MSGSEND = YES;
				ENABLE_TESTABILITY = YES;
				GCC_C_LANGUAGE_STANDARD = gnu11;
				GCC_DYNAMIC_NO_PIC = NO;
				GCC_NO_COMMON_BLOCKS = YES;
				GCC_OPTIMIZATION_LEVEL = 0;
				GCC_PREPROCESSOR_DEFINITIONS = (
					"DEBUG=1",
					"$(inherited)",
				);
				GCC_WARN_64_TO_32_BIT_CONVERSION = YES;
				GCC_WARN_ABOUT_RETURN_TYPE = YES_ERROR;
				GCC_WARN_UNDECLARED_SELECTOR = YES;
				GCC_WARN_UNINITIALIZED_AUTOS = YES_AGGRESSIVE;
				GCC_WARN_UNUSED_FUNCTION = YES;
				GCC_WARN_UNUSED_VARIABLE = YES;
				MACOSX_DEPLOYMENT_TARGET = 12.1;
				MTL_ENABLE_DEBUG_INFO = INCLUDE_SOURCE;
				MTL_FAST_MATH = YES;
				ONLY_ACTIVE_ARCH = YES;
				SDKROOT = macosx;
				SWIFT_ACTIVE_COMPILATION_CONDITIONS = DEBUG;
				SWIFT_OPTIMIZATION_LEVEL = "-Onone";
			};
			name = Debug;
		};
		C5995A6B27CEA0EE00AE9F6D /* Release */ = {
			isa = XCBuildConfiguration;
			buildSettings = {
				ALWAYS_SEARCH_USER_PATHS = NO;
				CLANG_ANALYZER_NONNULL = YES;
				CLANG_ANALYZER_NUMBER_OBJECT_CONVERSION = YES_AGGRESSIVE;
				CLANG_CXX_LANGUAGE_STANDARD = "gnu++17";
				CLANG_CXX_LIBRARY = "libc++";
				CLANG_ENABLE_MODULES = YES;
				CLANG_ENABLE_OBJC_ARC = YES;
				CLANG_ENABLE_OBJC_WEAK = YES;
				CLANG_WARN_BLOCK_CAPTURE_AUTORELEASING = YES;
				CLANG_WARN_BOOL_CONVERSION = YES;
				CLANG_WARN_COMMA = YES;
				CLANG_WARN_CONSTANT_CONVERSION = YES;
				CLANG_WARN_DEPRECATED_OBJC_IMPLEMENTATIONS = YES;
				CLANG_WARN_DIRECT_OBJC_ISA_USAGE = YES_ERROR;
				CLANG_WARN_DOCUMENTATION_COMMENTS = YES;
				CLANG_WARN_EMPTY_BODY = YES;
				CLANG_WARN_ENUM_CONVERSION = YES;
				CLANG_WARN_INFINITE_RECURSION = YES;
				CLANG_WARN_INT_CONVERSION = YES;
				CLANG_WARN_NON_LITERAL_NULL_CONVERSION = YES;
				CLANG_WARN_OBJC_IMPLICIT_RETAIN_SELF = YES;
				CLANG_WARN_OBJC_LITERAL_CONVERSION = YES;
				CLANG_WARN_OBJC_ROOT_CLASS = YES_ERROR;
				CLANG_WARN_QUOTED_INCLUDE_IN_FRAMEWORK_HEADER = YES;
				CLANG_WARN_RANGE_LOOP_ANALYSIS = YES;
				CLANG_WARN_STRICT_PROTOTYPES = YES;
				CLANG_WARN_SUSPICIOUS_MOVE = YES;
				CLANG_WARN_UNGUARDED_AVAILABILITY = YES_AGGRESSIVE;
				CLANG_WARN_UNREACHABLE_CODE = YES;
				CLANG_WARN__DUPLICATE_METHOD_MATCH = YES;
				COPY_PHASE_STRIP = NO;
				DEBUG_INFORMATION_FORMAT = "dwarf-with-dsym";
				ENABLE_NS_ASSERTIONS = NO;
				ENABLE_STRICT_OBJC_MSGSEND = YES;
				GCC_C_LANGUAGE_STANDARD = gnu11;
				GCC_NO_COMMON_BLOCKS = YES;
				GCC_WARN_64_TO_32_BIT_CONVERSION = YES;
				GCC_WARN_ABOUT_RETURN_TYPE = YES_ERROR;
				GCC_WARN_UNDECLARED_SELECTOR = YES;
				GCC_WARN_UNINITIALIZED_AUTOS = YES_AGGRESSIVE;
				GCC_WARN_UNUSED_FUNCTION = YES;
				GCC_WARN_UNUSED_VARIABLE = YES;
				MACOSX_DEPLOYMENT_TARGET = 12.1;
				MTL_ENABLE_DEBUG_INFO = NO;
				MTL_FAST_MATH = YES;
				SDKROOT = macosx;
				SWIFT_COMPILATION_MODE = wholemodule;
				SWIFT_OPTIMIZATION_LEVEL = "-O";
			};
			name = Release;
		};
		C5995A6D27CEA0EE00AE9F6D /* Debug */ = {
			isa = XCBuildConfiguration;
			buildSettings = {
				ALWAYS_EMBED_SWIFT_STANDARD_LIBRARIES = YES;
				ASSETCATALOG_COMPILER_APPICON_NAME = AppIcon;
				ASSETCATALOG_COMPILER_GLOBAL_ACCENT_COLOR_NAME = AccentColor;
				CODE_SIGN_ENTITLEMENTS = ChatApp/ChatApp.entitlements;
				CODE_SIGN_STYLE = Automatic;
				COMBINE_HIDPI_IMAGES = YES;
				CURRENT_PROJECT_VERSION = 1;
				DEVELOPMENT_ASSET_PATHS = "\"ChatApp/Preview Content\"";
				ENABLE_PREVIEWS = YES;
				GENERATE_INFOPLIST_FILE = YES;
				INFOPLIST_KEY_NSHumanReadableCopyright = "";
				LD_RUNPATH_SEARCH_PATHS = (
					"$(inherited)",
					"@executable_path/../Frameworks",
				);
				MARKETING_VERSION = 1.0;
				PRODUCT_BUNDLE_IDENTIFIER = "dsu-csci.ChatApp";
				PRODUCT_NAME = "$(TARGET_NAME)";
				SWIFT_EMIT_LOC_STRINGS = YES;
				SWIFT_VERSION = 5.0;
			};
			name = Debug;
		};
		C5995A6E27CEA0EE00AE9F6D /* Release */ = {
			isa = XCBuildConfiguration;
			buildSettings = {
				ALWAYS_EMBED_SWIFT_STANDARD_LIBRARIES = YES;
				ASSETCATALOG_COMPILER_APPICON_NAME = AppIcon;
				ASSETCATALOG_COMPILER_GLOBAL_ACCENT_COLOR_NAME = AccentColor;
				CODE_SIGN_ENTITLEMENTS = ChatApp/ChatApp.entitlements;
				CODE_SIGN_STYLE = Automatic;
				COMBINE_HIDPI_IMAGES = YES;
				CURRENT_PROJECT_VERSION = 1;
				DEVELOPMENT_ASSET_PATHS = "\"ChatApp/Preview Content\"";
				ENABLE_PREVIEWS = YES;
				GENERATE_INFOPLIST_FILE = YES;
				INFOPLIST_KEY_NSHumanReadableCopyright = "";
				LD_RUNPATH_SEARCH_PATHS = (
					"$(inherited)",
					"@executable_path/../Frameworks",
				);
				MARKETING_VERSION = 1.0;
				PRODUCT_BUNDLE_IDENTIFIER = "dsu-csci.ChatApp";
				PRODUCT_NAME = "$(TARGET_NAME)";
				SWIFT_EMIT_LOC_STRINGS = YES;
				SWIFT_VERSION = 5.0;
			};
			name = Release;
		};
		C5995A7027CEA0EE00AE9F6D /* Debug */ = {
			isa = XCBuildConfiguration;
			buildSettings = {
				ALWAYS_EMBED_SWIFT_STANDARD_LIBRARIES = YES;
				BUNDLE_LOADER = "$(TEST_HOST)";
				CODE_SIGN_STYLE = Automatic;
				CURRENT_PROJECT_VERSION = 1;
				GENERATE_INFOPLIST_FILE = YES;
				MACOSX_DEPLOYMENT_TARGET = 12.1;
				MARKETING_VERSION = 1.0;
				PRODUCT_BUNDLE_IDENTIFIER = "dsu-csci.ChatAppTests";
				PRODUCT_NAME = "$(TARGET_NAME)";
				SWIFT_EMIT_LOC_STRINGS = NO;
				SWIFT_VERSION = 5.0;
				TEST_HOST = "$(BUILT_PRODUCTS_DIR)/ChatApp.app/Contents/MacOS/ChatApp";
			};
			name = Debug;
		};
		C5995A7127CEA0EE00AE9F6D /* Release */ = {
			isa = XCBuildConfiguration;
			buildSettings = {
				ALWAYS_EMBED_SWIFT_STANDARD_LIBRARIES = YES;
				BUNDLE_LOADER = "$(TEST_HOST)";
				CODE_SIGN_STYLE = Automatic;
				CURRENT_PROJECT_VERSION = 1;
				GENERATE_INFOPLIST_FILE = YES;
				MACOSX_DEPLOYMENT_TARGET = 12.1;
				MARKETING_VERSION = 1.0;
				PRODUCT_BUNDLE_IDENTIFIER = "dsu-csci.ChatAppTests";
				PRODUCT_NAME = "$(TARGET_NAME)";
				SWIFT_EMIT_LOC_STRINGS = NO;
				SWIFT_VERSION = 5.0;
				TEST_HOST = "$(BUILT_PRODUCTS_DIR)/ChatApp.app/Contents/MacOS/ChatApp";
			};
			name = Release;
		};
		C5995A7327CEA0EE00AE9F6D /* Debug */ = {
			isa = XCBuildConfiguration;
			buildSettings = {
				ALWAYS_EMBED_SWIFT_STANDARD_LIBRARIES = YES;
				CODE_SIGN_STYLE = Automatic;
				CURRENT_PROJECT_VERSION = 1;
				GENERATE_INFOPLIST_FILE = YES;
				MARKETING_VERSION = 1.0;
				PRODUCT_BUNDLE_IDENTIFIER = "dsu-csci.ChatAppUITests";
				PRODUCT_NAME = "$(TARGET_NAME)";
				SWIFT_EMIT_LOC_STRINGS = NO;
				SWIFT_VERSION = 5.0;
				TEST_TARGET_NAME = ChatApp;
			};
			name = Debug;
		};
		C5995A7427CEA0EE00AE9F6D /* Release */ = {
			isa = XCBuildConfiguration;
			buildSettings = {
				ALWAYS_EMBED_SWIFT_STANDARD_LIBRARIES = YES;
				CODE_SIGN_STYLE = Automatic;
				CURRENT_PROJECT_VERSION = 1;
				GENERATE_INFOPLIST_FILE = YES;
				MARKETING_VERSION = 1.0;
				PRODUCT_BUNDLE_IDENTIFIER = "dsu-csci.ChatAppUITests";
				PRODUCT_NAME = "$(TARGET_NAME)";
				SWIFT_EMIT_LOC_STRINGS = NO;
				SWIFT_VERSION = 5.0;
				TEST_TARGET_NAME = ChatApp;
			};
			name = Release;
		};
		C59B4ED527D07629001C15AD /* Debug */ = {
			isa = XCBuildConfiguration;
			buildSettings = {
				ASSETCATALOG_COMPILER_APPICON_NAME = AppIcon;
				CODE_SIGN_ENTITLEMENTS = UserLogin/UserLogin.entitlements;
				CODE_SIGN_STYLE = Automatic;
				CURRENT_PROJECT_VERSION = 1;
				GENERATE_INFOPLIST_FILE = YES;
				INFOPLIST_FILE = UserLogin/Info.plist;
				INFOPLIST_KEY_CFBundleDisplayName = UserLogin;
				INFOPLIST_KEY_NSHumanReadableCopyright = "";
				LD_RUNPATH_SEARCH_PATHS = (
					"$(inherited)",
					"@executable_path/../Frameworks",
					"@executable_path/../../../../Frameworks",
				);
				MACOSX_DEPLOYMENT_TARGET = 10.15;
				MARKETING_VERSION = 1.0;
				PRODUCT_BUNDLE_IDENTIFIER = "dsu-csci.ChatApp.UserLogin";
				PRODUCT_NAME = "$(TARGET_NAME)";
				SKIP_INSTALL = YES;
				SWIFT_EMIT_LOC_STRINGS = YES;
				SWIFT_VERSION = 5.0;
			};
			name = Debug;
		};
		C59B4ED627D07629001C15AD /* Release */ = {
			isa = XCBuildConfiguration;
			buildSettings = {
				ASSETCATALOG_COMPILER_APPICON_NAME = AppIcon;
				CODE_SIGN_ENTITLEMENTS = UserLogin/UserLogin.entitlements;
				CODE_SIGN_STYLE = Automatic;
				CURRENT_PROJECT_VERSION = 1;
				GENERATE_INFOPLIST_FILE = YES;
				INFOPLIST_FILE = UserLogin/Info.plist;
				INFOPLIST_KEY_CFBundleDisplayName = UserLogin;
				INFOPLIST_KEY_NSHumanReadableCopyright = "";
				LD_RUNPATH_SEARCH_PATHS = (
					"$(inherited)",
					"@executable_path/../Frameworks",
					"@executable_path/../../../../Frameworks",
				);
				MACOSX_DEPLOYMENT_TARGET = 10.15;
				MARKETING_VERSION = 1.0;
				PRODUCT_BUNDLE_IDENTIFIER = "dsu-csci.ChatApp.UserLogin";
				PRODUCT_NAME = "$(TARGET_NAME)";
				SKIP_INSTALL = YES;
				SWIFT_EMIT_LOC_STRINGS = YES;
				SWIFT_VERSION = 5.0;
			};
			name = Release;
		};
/* End XCBuildConfiguration section */

/* Begin XCConfigurationList section */
		C5995A4227CEA0EB00AE9F6D /* Build configuration list for PBXProject "ChatApp" */ = {
			isa = XCConfigurationList;
			buildConfigurations = (
				C5995A6A27CEA0EE00AE9F6D /* Debug */,
				C5995A6B27CEA0EE00AE9F6D /* Release */,
			);
			defaultConfigurationIsVisible = 0;
			defaultConfigurationName = Release;
		};
		C5995A6C27CEA0EE00AE9F6D /* Build configuration list for PBXNativeTarget "ChatApp" */ = {
			isa = XCConfigurationList;
			buildConfigurations = (
				C5995A6D27CEA0EE00AE9F6D /* Debug */,
				C5995A6E27CEA0EE00AE9F6D /* Release */,
			);
			defaultConfigurationIsVisible = 0;
			defaultConfigurationName = Release;
		};
		C5995A6F27CEA0EE00AE9F6D /* Build configuration list for PBXNativeTarget "ChatAppTests" */ = {
			isa = XCConfigurationList;
			buildConfigurations = (
				C5995A7027CEA0EE00AE9F6D /* Debug */,
				C5995A7127CEA0EE00AE9F6D /* Release */,
			);
			defaultConfigurationIsVisible = 0;
			defaultConfigurationName = Release;
		};
		C5995A7227CEA0EE00AE9F6D /* Build configuration list for PBXNativeTarget "ChatAppUITests" */ = {
			isa = XCConfigurationList;
			buildConfigurations = (
				C5995A7327CEA0EE00AE9F6D /* Debug */,
				C5995A7427CEA0EE00AE9F6D /* Release */,
			);
			defaultConfigurationIsVisible = 0;
			defaultConfigurationName = Release;
		};
		C59B4ED427D07629001C15AD /* Build configuration list for PBXNativeTarget "UserLogin" */ = {
			isa = XCConfigurationList;
			buildConfigurations = (
				C59B4ED527D07629001C15AD /* Debug */,
				C59B4ED627D07629001C15AD /* Release */,
			);
			defaultConfigurationIsVisible = 0;
			defaultConfigurationName = Release;
		};
/* End XCConfigurationList section */
	};
	rootObject = C5995A3F27CEA0EB00AE9F6D /* Project object */;
}
